{
  "version": 4,
  "terraform_version": "1.12.1",
  "serial": 115,
  "lineage": "e79e3040-f2f5-b60f-ac19-f8a4dacbb054",
  "outputs": {},
  "resources": [
    {
      "mode": "managed",
      "type": "helm_release",
      "name": "ingress_nginx",
      "provider": "provider[\"registry.terraform.io/hashicorp/helm\"]",
      "instances": [
        {
          "schema_version": 1,
          "attributes": {
            "atomic": false,
            "chart": "ingress-nginx",
            "cleanup_on_fail": false,
            "create_namespace": true,
            "dependency_update": false,
            "description": null,
            "devel": null,
            "disable_crd_hooks": false,
            "disable_openapi_validation": false,
            "disable_webhooks": false,
            "force_update": false,
            "id": "ingress-nginx-dev",
            "keyring": null,
            "lint": false,
            "manifest": null,
            "max_history": 0,
            "metadata": [
              {
                "app_version": "1.12.2",
                "chart": "ingress-nginx",
                "first_deployed": 1748281437,
                "last_deployed": 1748281437,
                "name": "ingress-nginx-dev",
                "namespace": "ingress-nginx-dev",
                "notes": "The ingress-nginx controller has been installed.\nGet the application URL by running these commands:\n  export HTTP_NODE_PORT=$(kubectl get service --namespace ingress-nginx-dev ingress-nginx-dev-controller --output jsonpath=\"{.spec.ports[0].nodePort}\")\n  export HTTPS_NODE_PORT=$(kubectl get service --namespace ingress-nginx-dev ingress-nginx-dev-controller --output jsonpath=\"{.spec.ports[1].nodePort}\")\n  export NODE_IP=\"$(kubectl get nodes --output jsonpath=\"{.items[0].status.addresses[1].address}\")\"\n\n  echo \"Visit http://${NODE_IP}:${HTTP_NODE_PORT} to access your application via HTTP.\"\n  echo \"Visit https://${NODE_IP}:${HTTPS_NODE_PORT} to access your application via HTTPS.\"\n\nAn example Ingress that makes use of the controller:\n  apiVersion: networking.k8s.io/v1\n  kind: Ingress\n  metadata:\n    name: example\n    namespace: foo\n  spec:\n    ingressClassName: nginx\n    rules:\n      - host: www.example.com\n        http:\n          paths:\n            - pathType: Prefix\n              backend:\n                service:\n                  name: exampleService\n                  port:\n                    number: 80\n              path: /\n    # This section is only required if TLS is to be enabled for the Ingress\n    tls:\n      - hosts:\n        - www.example.com\n        secretName: example-tls\n\nIf TLS is enabled for the Ingress, a Secret containing the certificate and key must also be provided:\n\n  apiVersion: v1\n  kind: Secret\n  metadata:\n    name: example-tls\n    namespace: foo\n  data:\n    tls.crt: \u003cbase64 encoded cert\u003e\n    tls.key: \u003cbase64 encoded key\u003e\n  type: kubernetes.io/tls\n",
                "revision": 1,
                "values": "{\"controller\":{\"admissionWebhooks\":{\"enabled\":false},\"extraArgs\":{\"publish-status-address\":\"localhost\"},\"hostPort\":{\"enabled\":true},\"nodeSelector\":{\"ingress-ready\":\"true\"},\"publishService\":{\"enabled\":false},\"service\":{\"type\":\"NodePort\"},\"terminationGracePeriodSeconds\":0,\"tolerations\":[{\"effect\":\"NoSchedule\",\"key\":\"node-role.kubernetes.io/master\",\"operator\":\"Equal\"},{\"effect\":\"NoSchedule\",\"key\":\"node-role.kubernetes.io/control-plane\",\"operator\":\"Equal\"}],\"watchIngressWithoutClass\":true}}",
                "version": "4.12.2"
              }
            ],
            "name": "ingress-nginx-dev",
            "namespace": "ingress-nginx-dev",
            "pass_credentials": false,
            "postrender": [],
            "recreate_pods": false,
            "render_subchart_notes": true,
            "replace": false,
            "repository": "https://kubernetes.github.io/ingress-nginx",
            "repository_ca_file": null,
            "repository_cert_file": null,
            "repository_key_file": null,
            "repository_password": null,
            "repository_username": null,
            "reset_values": false,
            "reuse_values": false,
            "set": [],
            "set_list": [],
            "set_sensitive": [],
            "skip_crds": false,
            "status": "deployed",
            "timeout": 300,
            "upgrade_install": null,
            "values": [
              "# nginx_ingress_values.yaml\n\ncontroller:\n  hostPort:\n    enabled: true\n  terminationGracePeriodSeconds: 0\n  service:\n    type: \"NodePort\"\n  watchIngressWithoutClass: true\n  nodeSelector:\n    ingress-ready: \"true\"\n  tolerations:\n  - effect: \"NoSchedule\"\n    key: \"node-role.kubernetes.io/master\"\n    operator: \"Equal\"\n  - effect: \"NoSchedule\"\n    key: \"node-role.kubernetes.io/control-plane\"\n    operator: \"Equal\"\n  publishService:\n    enabled: false\n  extraArgs:\n    publish-status-address: \"localhost\"\n  admissionWebhooks:\n    enabled: false\n"
            ],
            "verify": false,
            "version": "4.12.2",
            "wait": true,
            "wait_for_jobs": false
          },
          "sensitive_attributes": [
            [
              {
                "type": "get_attr",
                "value": "repository_password"
              }
            ]
          ],
          "identity_schema_version": 0,
          "private": "eyJzY2hlbWFfdmVyc2lvbiI6IjEifQ==",
          "dependencies": [
            "kind_cluster.default"
          ]
        }
      ]
    },
    {
      "mode": "managed",
      "type": "kind_cluster",
      "name": "default",
      "provider": "provider[\"registry.terraform.io/tehcyx/kind\"]",
      "instances": [
        {
          "schema_version": 0,
          "attributes": {
            "client_certificate": "-----BEGIN CERTIFICATE-----\nMIIDKTCCAhGgAwIBAgIIEq9TOH+AESYwDQYJKoZIhvcNAQELBQAwFTETMBEGA1UE\nAxMKa3ViZXJuZXRlczAeFw0yNTA1MjYxNzM4MDBaFw0yNjA1MjYxNzQzMDBaMDwx\nHzAdBgNVBAoTFmt1YmVhZG06Y2x1c3Rlci1hZG1pbnMxGTAXBgNVBAMTEGt1YmVy\nbmV0ZXMtYWRtaW4wggEiMA0GCSqGSIb3DQEBAQUAA4IBDwAwggEKAoIBAQDQYEzI\nacX8NF6RCmyBU31YsJBA6ignDOZSiVOO0GYMfvZxDqfxs+VgFcm2zz2/UL1G3OQ9\nb6HlLstQvRmPcYpKm+08gSkWTQoeoeOG9O34euWefLDQ42dBt0LF63DZ4PTGBFfy\ncyJOaKbPG9a+3JucJdbdC/esqQmWBgHj/IZeqIape80VNY3o9dAoknMcx8ePfxcQ\nOMAjjS8XJVRMm2JNHqUtAYDyn9TBe4qKS0YESbvUHf1nzQs5kJrj5KuEPYlEk/Sy\nX9Ur0Q3lqXndhWj4Mil5pOdZ5k8eiAgq6fhhLJ/qmyA2x77cZ3TgPK6Qr1Kq1C8R\ntsR7zC8W5GjMZPX/AgMBAAGjVjBUMA4GA1UdDwEB/wQEAwIFoDATBgNVHSUEDDAK\nBggrBgEFBQcDAjAMBgNVHRMBAf8EAjAAMB8GA1UdIwQYMBaAFHr+rhLM2Qx+dP/D\nb1VKIVDmKcwpMA0GCSqGSIb3DQEBCwUAA4IBAQBSNhKkdGDzvupklrggO03bs5Bo\nMob/CYxwZ7P4rcqndRrCSRSM7HZ9vmjTsOWLxpd6tgs2N6srD4+YipsgZAfVlOtn\nZXFya9CabvaDh4+EN4w8c4fkKe3lDvTkwulLfooSvYYYSASUtllv0pa7nvKICf2V\nj+/4c1kZW93NdyDs94hR4vYQq7pllmh1TS8pfc0yDxwRDcffHBu+S6elNGUrIyrs\npHJ3pHbDbvDaFa9cteOuiovGZzH7z2oyLHaZWRuiovAvt89n7eD7/9r+wMxhrJ6g\nRSHR1b+aASFPIOacVcMvwsJ1m7/sNDBc1Qm9W+P/ktpSKW2gSLlw7q9Jw4j7\n-----END CERTIFICATE-----\n",
            "client_key": "-----BEGIN RSA PRIVATE KEY-----\nMIIEpAIBAAKCAQEA0GBMyGnF/DRekQpsgVN9WLCQQOooJwzmUolTjtBmDH72cQ6n\n8bPlYBXJts89v1C9RtzkPW+h5S7LUL0Zj3GKSpvtPIEpFk0KHqHjhvTt+Hrlnnyw\n0ONnQbdCxetw2eD0xgRX8nMiTmimzxvWvtybnCXW3Qv3rKkJlgYB4/yGXqiGqXvN\nFTWN6PXQKJJzHMfHj38XEDjAI40vFyVUTJtiTR6lLQGA8p/UwXuKiktGBEm71B39\nZ80LOZCa4+SrhD2JRJP0sl/VK9EN5al53YVo+DIpeaTnWeZPHogIKun4YSyf6psg\nNse+3Gd04DyukK9SqtQvEbbEe8wvFuRozGT1/wIDAQABAoIBAANIRmKwdS5C2OvU\noTRBpMDSjy3RQm6oX7G/I1zQNZCkKKz2kSNX38NtXxm3wVOT1FdwaqajwoYXVZvg\n+VfEGcHmcOHkxZ6UpMB/cP5oOfNnDto56+3Dwer2wGDZE5RVsdAIs3tIiwAh2owl\nS8hX4JpLZ6C1wTdWtlBG/0f1wLFu/jadmUgWgQtwWW+KS/HL6AyzvpcMxmXmUPxt\n1pb6xTTZ722KgsmsfdCRLZhcendxFfC/T2eUzoJ0LrF58g7I84w2+CL1+BxzirCy\nRB7nLaM9ZK2DIwbF3HfRdGujpdG6c/wJ/Ig/CTaLxLOQ/WEIXse0aONUmWQIeFER\ngIejDkECgYEA563DBnkGJ79mp66/B9SlP+aCCkLPX2Gv+Ln8YIAD/oe38HhPOD+a\nq7/bq1ZMMOoWGSD1xD0arFKsYO9zW5d5sZLxNzkVdAocuDjYnEzAMUK8CDAG6QjK\nxSXWrTkpzFDUTq1mBdkVkv4dgecwcHJdzyi5XREw5YMe4YIfMiPzF58CgYEA5kBL\nRqV/DRF9aswOkQjakhb6akKIrYwKSm5QdZ8fEobf5ll0SiQyK/e0/iZW0/xOkiBf\nUf3sygxUm76OB0AVrT9vkZkr3Bvr7h/5FXwdHfr4q+7RsCRqgLXW6Br7PlI9m0N/\nMMq/8cdlfxUQTnrLkTYXspKg+FtTXTxeUWfTBaECgYEAk2CsAYAXdE2DpgO5reeN\nv5qI+rIJbOmdoaHedBy7bb00O5qs+mErqToBKXtaOHuQ1ydqcA1W3GwzD+8C+S7g\n0R9ipvh/NzP/lQlEchk44Z1MNAEpRDC9nLA3YjZM6pY4mFwh3HJ+EOXqK2rAG6gF\nGPUVBakb68R/boDyC1lnGI0CgYEA2Gijl8Hi2UiQBXnHUx/sNxTrxkXEqsENxwlK\nDFNDZClqddmsCCdfFJ4b+ifUwifJPWS50pmEHh9awotmeIAOH6iY11MMuzNvG3/n\nn/7oaw5A/XBYm2KOy2ydkcgSTnADwVO+TwCxSbDsv3XvvqOBg3lA6rEQJH3Jq78a\nsw6PcyECgYB6Ha17tQV0NdHSJPLhhxLrj30aofApVFKAho2TMG1LTUmch7gijN3P\nCcK91poZdHIbs9CGnhl3owUkEj8POnq2JhK5vfVrAFX+tvewRG0dWC8ukzPa43IH\nB7t44LGp32UjliXM5SSRYuIbgdsjtpqVFPT06Ikis8DO5Kx6bYec0A==\n-----END RSA PRIVATE KEY-----\n",
            "cluster_ca_certificate": "-----BEGIN CERTIFICATE-----\nMIIDBTCCAe2gAwIBAgIIA4L8XNRPIfMwDQYJKoZIhvcNAQELBQAwFTETMBEGA1UE\nAxMKa3ViZXJuZXRlczAeFw0yNTA1MjYxNzM4MDBaFw0zNTA1MjQxNzQzMDBaMBUx\nEzARBgNVBAMTCmt1YmVybmV0ZXMwggEiMA0GCSqGSIb3DQEBAQUAA4IBDwAwggEK\nAoIBAQCpHrR6QxXWZlIW61xDp8EEY/0fznRU/MJWSeRz7vpQUXOC0xLiohZlUaqO\nPQINXT1ph7Q1ZlbloEPFeYuVuMDuQSx6giGF3YH2MVFEPRngL9kEKeE1AJzeLxJb\nzwU6iQwrzjFcKxCkarGyOaeHQZcpjSnGaQEvYtG3qy4m1JNQlEMa0TmuiELmSfYg\n3YgZOtP5IbGlYPh7ebFiyCA4fbDX6IH4Ws2bnk+EuZqE04KOAxeYr8AZ8a26bcRW\nqkerQwBp+S6aQ/8WeJa/ua880NdVLVAHwbqRh6WgEm3u/3DNoM4kWw/XSPYFP40p\nDKKuzkEJz0oFAECuu9BvtPjIH3yNAgMBAAGjWTBXMA4GA1UdDwEB/wQEAwICpDAP\nBgNVHRMBAf8EBTADAQH/MB0GA1UdDgQWBBR6/q4SzNkMfnT/w29VSiFQ5inMKTAV\nBgNVHREEDjAMggprdWJlcm5ldGVzMA0GCSqGSIb3DQEBCwUAA4IBAQBQYe9PRQRJ\nBzLa6Xybu9zzTG0HtU+lqiEWhIPQ1t85qyxedpxcZTgL3AyTi0X3edr7d8j0nNfx\nUhgZMMlAXUlCh+czHaaRuchXl+P8jmhoiA1UUtJkmVpYmFvU003p/Lv/LT4Xbc5k\nkIh3/pLC0ButOEtgwF0Kh64V+vx8akTv3eREMV/nok2j/+9SGHUDfEou89Hs5EBv\nzytZoJmHIC89E6flXzI7S6NRjcsdEWWTq7FTgrIm32TpJSiEdXoL63BVZMg/h241\nz98TL++ePcllhwIvS5LnzzmYMPmF+lBaaZcHAFClTpEvgKPh+o3G4CCalDoDYZMv\n22SalhrLzEKO\n-----END CERTIFICATE-----\n",
            "completed": true,
            "endpoint": "https://127.0.0.1:40991",
            "id": "demo-clicker-cluster-dev-",
            "kind_config": [
              {
                "api_version": "kind.x-k8s.io/v1alpha4",
                "containerd_config_patches": [],
                "feature_gates": {},
                "kind": "Cluster",
                "networking": [],
                "node": [
                  {
                    "extra_mounts": [],
                    "extra_port_mappings": [
                      {
                        "container_port": 80,
                        "host_port": 80,
                        "listen_address": "",
                        "protocol": ""
                      },
                      {
                        "container_port": 443,
                        "host_port": 443,
                        "listen_address": "",
                        "protocol": ""
                      }
                    ],
                    "image": "",
                    "kubeadm_config_patches": [
                      "kind: InitConfiguration\nnodeRegistration:\n  kubeletExtraArgs:\n    node-labels: \"ingress-ready=true\"\n"
                    ],
                    "labels": {},
                    "role": "control-plane"
                  },
                  {
                    "extra_mounts": [],
                    "extra_port_mappings": [],
                    "image": "",
                    "kubeadm_config_patches": [],
                    "labels": {},
                    "role": "worker"
                  }
                ],
                "runtime_config": {}
              }
            ],
            "kubeconfig": "apiVersion: v1\nclusters:\n- cluster:\n    certificate-authority-data: LS0tLS1CRUdJTiBDRVJUSUZJQ0FURS0tLS0tCk1JSURCVENDQWUyZ0F3SUJBZ0lJQTRMOFhOUlBJZk13RFFZSktvWklodmNOQVFFTEJRQXdGVEVUTUJFR0ExVUUKQXhNS2EzVmlaWEp1WlhSbGN6QWVGdzB5TlRBMU1qWXhOek00TURCYUZ3MHpOVEExTWpReE56UXpNREJhTUJVeApFekFSQmdOVkJBTVRDbXQxWW1WeWJtVjBaWE13Z2dFaU1BMEdDU3FHU0liM0RRRUJBUVVBQTRJQkR3QXdnZ0VLCkFvSUJBUUNwSHJSNlF4WFdabElXNjF4RHA4RUVZLzBmem5SVS9NSldTZVJ6N3ZwUVVYT0MweExpb2habFVhcU8KUFFJTlhUMXBoN1ExWmxibG9FUEZlWXVWdU1EdVFTeDZnaUdGM1lIMk1WRkVQUm5nTDlrRUtlRTFBSnplTHhKYgp6d1U2aVF3cnpqRmNLeENrYXJHeU9hZUhRWmNwalNuR2FRRXZZdEczcXk0bTFKTlFsRU1hMFRtdWlFTG1TZllnCjNZZ1pPdFA1SWJHbFlQaDdlYkZpeUNBNGZiRFg2SUg0V3MyYm5rK0V1WnFFMDRLT0F4ZVlyOEFaOGEyNmJjUlcKcWtlclF3QnArUzZhUS84V2VKYS91YTg4ME5kVkxWQUh3YnFSaDZXZ0VtM3UvM0ROb000a1d3L1hTUFlGUDQwcApES0t1emtFSnowb0ZBRUN1dTlCdnRQaklIM3lOQWdNQkFBR2pXVEJYTUE0R0ExVWREd0VCL3dRRUF3SUNwREFQCkJnTlZIUk1CQWY4RUJUQURBUUgvTUIwR0ExVWREZ1FXQkJSNi9xNFN6TmtNZm5UL3cyOVZTaUZRNWluTUtUQVYKQmdOVkhSRUVEakFNZ2dwcmRXSmxjbTVsZEdWek1BMEdDU3FHU0liM0RRRUJDd1VBQTRJQkFRQlFZZTlQUlFSSgpCekxhNlh5YnU5enpURzBIdFUrbHFpRVdoSVBRMXQ4NXF5eGVkcHhjWlRnTDNBeVRpMFgzZWRyN2Q4ajBuTmZ4ClVoZ1pNTWxBWFVsQ2grY3pIYWFSdWNoWGwrUDhqbWhvaUExVVV0SmttVnBZbUZ2VTAwM3AvTHYvTFQ0WGJjNWsKa0loMy9wTEMwQnV0T0V0Z3dGMEtoNjRWK3Z4OGFrVHYzZVJFTVYvbm9rMmovKzlTR0hVRGZFb3U4OUhzNUVCdgp6eXRab0ptSElDODlFNmZsWHpJN1M2TlJqY3NkRVdXVHE3RlRnckltMzJUcEpTaUVkWG9MNjNCVlpNZy9oMjQxCno5OFRMKytlUGNsbGh3SXZTNUxuenptWU1QbUYrbEJhYVpjSEFGQ2xUcEV2Z0tQaCtvM0c0Q0NhbERvRFlaTXYKMjJTYWxockx6RUtPCi0tLS0tRU5EIENFUlRJRklDQVRFLS0tLS0K\n    server: https://127.0.0.1:40991\n  name: kind-demo-clicker-cluster-dev\ncontexts:\n- context:\n    cluster: kind-demo-clicker-cluster-dev\n    user: kind-demo-clicker-cluster-dev\n  name: kind-demo-clicker-cluster-dev\ncurrent-context: kind-demo-clicker-cluster-dev\nkind: Config\npreferences: {}\nusers:\n- name: kind-demo-clicker-cluster-dev\n  user:\n    client-certificate-data: LS0tLS1CRUdJTiBDRVJUSUZJQ0FURS0tLS0tCk1JSURLVENDQWhHZ0F3SUJBZ0lJRXE5VE9IK0FFU1l3RFFZSktvWklodmNOQVFFTEJRQXdGVEVUTUJFR0ExVUUKQXhNS2EzVmlaWEp1WlhSbGN6QWVGdzB5TlRBMU1qWXhOek00TURCYUZ3MHlOakExTWpZeE56UXpNREJhTUR3eApIekFkQmdOVkJBb1RGbXQxWW1WaFpHMDZZMngxYzNSbGNpMWhaRzFwYm5NeEdUQVhCZ05WQkFNVEVHdDFZbVZ5CmJtVjBaWE10WVdSdGFXNHdnZ0VpTUEwR0NTcUdTSWIzRFFFQkFRVUFBNElCRHdBd2dnRUtBb0lCQVFEUVlFekkKYWNYOE5GNlJDbXlCVTMxWXNKQkE2aWduRE9aU2lWT08wR1lNZnZaeERxZnhzK1ZnRmNtMnp6Mi9VTDFHM09ROQpiNkhsTHN0UXZSbVBjWXBLbSswOGdTa1dUUW9lb2VPRzlPMzRldVdlZkxEUTQyZEJ0MExGNjNEWjRQVEdCRmZ5CmN5Sk9hS2JQRzlhKzNKdWNKZGJkQy9lc3FRbVdCZ0hqL0laZXFJYXBlODBWTlkzbzlkQW9rbk1jeDhlUGZ4Y1EKT01BampTOFhKVlJNbTJKTkhxVXRBWUR5bjlUQmU0cUtTMFlFU2J2VUhmMW56UXM1a0pyajVLdUVQWWxFay9TeQpYOVVyMFEzbHFYbmRoV2o0TWlsNXBPZFo1azhlaUFncTZmaGhMSi9xbXlBMng3N2NaM1RnUEs2UXIxS3ExQzhSCnRzUjd6QzhXNUdqTVpQWC9BZ01CQUFHalZqQlVNQTRHQTFVZER3RUIvd1FFQXdJRm9EQVRCZ05WSFNVRUREQUsKQmdnckJnRUZCUWNEQWpBTUJnTlZIUk1CQWY4RUFqQUFNQjhHQTFVZEl3UVlNQmFBRkhyK3JoTE0yUXgrZFAvRApiMVZLSVZEbUtjd3BNQTBHQ1NxR1NJYjNEUUVCQ3dVQUE0SUJBUUJTTmhLa2RHRHp2dXBrbHJnZ08wM2JzNUJvCk1vYi9DWXh3WjdQNHJjcW5kUnJDU1JTTTdIWjl2bWpUc09XTHhwZDZ0Z3MyTjZzckQ0K1lpcHNnWkFmVmxPdG4KWlhGeWE5Q2FidmFEaDQrRU40dzhjNGZrS2UzbER2VGt3dWxMZm9vU3ZZWVlTQVNVdGxsdjBwYTdudktJQ2YyVgpqKy80YzFrWlc5M05keURzOTRoUjR2WVFxN3BsbG1oMVRTOHBmYzB5RHh3UkRjZmZIQnUrUzZlbE5HVXJJeXJzCnBISjNwSGJEYnZEYUZhOWN0ZU91aW92R1p6SDd6Mm95TEhhWldSdWlvdkF2dDg5bjdlRDcvOXIrd014aHJKNmcKUlNIUjFiK2FBU0ZQSU9hY1ZjTXZ3c0oxbTcvc05EQmMxUW05VytQL2t0cFNLVzJnU0xsdzdxOUp3NGo3Ci0tLS0tRU5EIENFUlRJRklDQVRFLS0tLS0K\n    client-key-data: LS0tLS1CRUdJTiBSU0EgUFJJVkFURSBLRVktLS0tLQpNSUlFcEFJQkFBS0NBUUVBMEdCTXlHbkYvRFJla1Fwc2dWTjlXTENRUU9vb0p3em1Vb2xUanRCbURINzJjUTZuCjhiUGxZQlhKdHM4OXYxQzlSdHprUFcraDVTN0xVTDBaajNHS1NwdnRQSUVwRmswS0hxSGpodlR0K0hybG5ueXcKME9OblFiZEN4ZXR3MmVEMHhnUlg4bk1pVG1pbXp4dld2dHlibkNYVzNRdjNyS2tKbGdZQjQveUdYcWlHcVh2TgpGVFdONlBYUUtKSnpITWZIajM4WEVEakFJNDB2RnlWVVRKdGlUUjZsTFFHQThwL1V3WHVLaWt0R0JFbTcxQjM5Clo4MExPWkNhNCtTcmhEMkpSSlAwc2wvVks5RU41YWw1M1lWbytESXBlYVRuV2VaUEhvZ0lLdW40WVN5ZjZwc2cKTnNlKzNHZDA0RHl1a0s5U3F0UXZFYmJFZTh3dkZ1Um96R1QxL3dJREFRQUJBb0lCQUFOSVJtS3dkUzVDMk92VQpvVFJCcE1EU2p5M1JRbTZvWDdHL0kxelFOWkNrS0t6MmtTTlgzOE50WHhtM3dWT1QxRmR3YXFhandvWVhWWnZnCitWZkVHY0htY09Ia3haNlVwTUIvY1A1b09mTm5EdG81NiszRHdlcjJ3R0RaRTVSVnNkQUlzM3RJaXdBaDJvd2wKUzhoWDRKcExaNkMxd1RkV3RsQkcvMGYxd0xGdS9qYWRtVWdXZ1F0d1dXK0tTL0hMNkF5enZwY014bVhtVVB4dAoxcGI2eFRUWjcyMktnc21zZmRDUkxaaGNlbmR4RmZDL1QyZVV6b0owTHJGNThnN0k4NHcyK0NMMStCeHppckN5ClJCN25MYU05WksyREl3YkYzSGZSZEd1anBkRzZjL3dKL0lnL0NUYUx4TE9RL1dFSVhzZTBhT05VbVdRSWVGRVIKZ0llakRrRUNnWUVBNTYzREJua0dKNzltcDY2L0I5U2xQK2FDQ2tMUFgyR3YrTG44WUlBRC9vZTM4SGhQT0QrYQpxNy9icTFaTU1Pb1dHU0QxeEQwYXJGS3NZTzl6VzVkNXNaTHhOemtWZEFvY3VEalluRXpBTVVLOENEQUc2UWpLCnhTWFdyVGtwekZEVVRxMW1CZGtWa3Y0ZGdlY3djSEpkenlpNVhSRXc1WU1lNFlJZk1pUHpGNThDZ1lFQTVrQkwKUnFWL0RSRjlhc3dPa1FqYWtoYjZha0tJcll3S1NtNVFkWjhmRW9iZjVsbDBTaVF5Sy9lMC9pWlcwL3hPa2lCZgpVZjNzeWd4VW03Nk9CMEFWclQ5dmtaa3IzQnZyN2gvNUZYd2RIZnI0cSs3UnNDUnFnTFhXNkJyN1BsSTltME4vCk1NcS84Y2RsZnhVUVRuckxrVFlYc3BLZytGdFRYVHhlVVdmVEJhRUNnWUVBazJDc0FZQVhkRTJEcGdPNXJlZU4KdjVxSStySUpiT21kb2FIZWRCeTdiYjAwTzVxcyttRXJxVG9CS1h0YU9IdVExeWRxY0ExVzNHd3pEKzhDK1M3ZwowUjlpcHZoL056UC9sUWxFY2hrNDRaMU1OQUVwUkRDOW5MQTNZalpNNnBZNG1Gd2gzSEorRU9YcUsyckFHNmdGCkdQVVZCYWtiNjhSL2JvRHlDMWxuR0kwQ2dZRUEyR2lqbDhIaTJVaVFCWG5IVXgvc054VHJ4a1hFcXNFTnh3bEsKREZORFpDbHFkZG1zQ0NkZkZKNGIraWZVd2lmSlBXUzUwcG1FSGg5YXdvdG1lSUFPSDZpWTExTU11ek52RzMvbgpuLzdvYXc1QS9YQlltMktPeTJ5ZGtjZ1NUbkFEd1ZPK1R3Q3hTYkRzdjNYdnZxT0JnM2xBNnJFUUpIM0pxNzhhCnN3NlBjeUVDZ1lCNkhhMTd0UVYwTmRIU0pQTGhoeExyajMwYW9mQXBWRktBaG8yVE1HMUxUVW1jaDdnaWpOM1AKQ2NLOTFwb1pkSEliczlDR25obDNvd1VrRWo4UE9ucTJKaEs1dmZWckFGWCt0dmV3UkcwZFdDOHVrelBhNDNJSApCN3Q0NExHcDMyVWpsaVhNNVNTUll1SWJnZHNqdHBxVkZQVDA2SWtpczhETzVLeDZiWWVjMEE9PQotLS0tLUVORCBSU0EgUFJJVkFURSBLRVktLS0tLQo=\n",
            "kubeconfig_path": "/home/kotkokos/.kube/config-dev",
            "name": "demo-clicker-cluster-dev",
            "node_image": null,
            "timeouts": null,
            "wait_for_ready": true
          },
          "sensitive_attributes": [],
          "identity_schema_version": 0,
          "private": "eyJlMmJmYjczMC1lY2FhLTExZTYtOGY4OC0zNDM2M2JjN2M0YzAiOnsiY3JlYXRlIjozMDAwMDAwMDAwMDAsImRlbGV0ZSI6MzAwMDAwMDAwMDAwLCJ1cGRhdGUiOjMwMDAwMDAwMDAwMH19"
        }
      ]
    },
    {
      "mode": "managed",
      "type": "kubernetes_deployment",
      "name": "app",
      "provider": "provider[\"registry.terraform.io/hashicorp/kubernetes\"]",
      "instances": [
        {
          "schema_version": 1,
          "attributes": {
            "id": "demo-clicker-dev/demo-clicker-deployment-dev",
            "metadata": [
              {
                "annotations": null,
                "generate_name": "",
                "generation": 1,
                "labels": null,
                "name": "demo-clicker-deployment-dev",
                "namespace": "demo-clicker-dev",
                "resource_version": "1139",
                "uid": "d7efda6f-1eeb-46a6-9bbd-1037216d25eb"
              }
            ],
            "spec": [
              {
                "min_ready_seconds": 0,
                "paused": false,
                "progress_deadline_seconds": 600,
                "replicas": "1",
                "revision_history_limit": 10,
                "selector": [
                  {
                    "match_expressions": [],
                    "match_labels": {
                      "app": "demo-clicker-dev"
                    }
                  }
                ],
                "strategy": [
                  {
                    "rolling_update": [
                      {
                        "max_surge": "25%",
                        "max_unavailable": "25%"
                      }
                    ],
                    "type": "RollingUpdate"
                  }
                ],
                "template": [
                  {
                    "metadata": [
                      {
                        "annotations": null,
                        "generate_name": "",
                        "generation": 0,
                        "labels": {
                          "app": "demo-clicker-dev",
                          "environment": "dev"
                        },
                        "name": "",
                        "namespace": "",
                        "resource_version": "",
                        "uid": ""
                      }
                    ],
                    "spec": [
                      {
                        "active_deadline_seconds": 0,
                        "affinity": [],
                        "automount_service_account_token": true,
                        "container": [
                          {
                            "args": null,
                            "command": null,
                            "env": [
                              {
                                "name": "MANAGEMENT_SERVER_PORT",
                                "value": "8081",
                                "value_from": []
                              },
                              {
                                "name": "MANAGEMENT_ENDPOINTS_WEB_EXPOSURE_INCLUDE",
                                "value": "health",
                                "value_from": []
                              },
                              {
                                "name": "MANAGEMENT_ENDPOINT_HEALTH_SHOW_DETAILS",
                                "value": "never",
                                "value_from": []
                              }
                            ],
                            "env_from": [],
                            "image": "demo-clicker:dev",
                            "image_pull_policy": "IfNotPresent",
                            "lifecycle": [],
                            "liveness_probe": [
                              {
                                "exec": [],
                                "failure_threshold": 3,
                                "grpc": [],
                                "http_get": [
                                  {
                                    "host": "",
                                    "http_header": [],
                                    "path": "/actuator/health",
                                    "port": "8081",
                                    "scheme": "HTTP"
                                  }
                                ],
                                "initial_delay_seconds": 30,
                                "period_seconds": 30,
                                "success_threshold": 1,
                                "tcp_socket": [],
                                "timeout_seconds": 1
                              }
                            ],
                            "name": "demo-clicker",
                            "port": [
                              {
                                "container_port": 8080,
                                "host_ip": "",
                                "host_port": 0,
                                "name": "http",
                                "protocol": "TCP"
                              },
                              {
                                "container_port": 8081,
                                "host_ip": "",
                                "host_port": 0,
                                "name": "management",
                                "protocol": "TCP"
                              }
                            ],
                            "readiness_probe": [
                              {
                                "exec": [],
                                "failure_threshold": 3,
                                "grpc": [],
                                "http_get": [
                                  {
                                    "host": "",
                                    "http_header": [],
                                    "path": "/actuator/health",
                                    "port": "8081",
                                    "scheme": "HTTP"
                                  }
                                ],
                                "initial_delay_seconds": 5,
                                "period_seconds": 10,
                                "success_threshold": 1,
                                "tcp_socket": [],
                                "timeout_seconds": 1
                              }
                            ],
                            "resources": [
                              {
                                "limits": {
                                  "cpu": "200m",
                                  "memory": "1Gi"
                                },
                                "requests": {
                                  "cpu": "100m",
                                  "memory": "512Mi"
                                }
                              }
                            ],
                            "security_context": [
                              {
                                "allow_privilege_escalation": false,
                                "capabilities": [],
                                "privileged": false,
                                "read_only_root_filesystem": false,
                                "run_as_group": "",
                                "run_as_non_root": true,
                                "run_as_user": "",
                                "se_linux_options": [],
                                "seccomp_profile": []
                              }
                            ],
                            "startup_probe": [],
                            "stdin": false,
                            "stdin_once": false,
                            "termination_message_path": "/dev/termination-log",
                            "termination_message_policy": "File",
                            "tty": false,
                            "volume_device": [],
                            "volume_mount": [],
                            "working_dir": ""
                          }
                        ],
                        "dns_config": [],
                        "dns_policy": "ClusterFirst",
                        "enable_service_links": true,
                        "host_aliases": [],
                        "host_ipc": false,
                        "host_network": false,
                        "host_pid": false,
                        "hostname": "",
                        "image_pull_secrets": [],
                        "init_container": [],
                        "node_name": "",
                        "node_selector": null,
                        "os": [],
                        "priority_class_name": "",
                        "readiness_gate": [],
                        "restart_policy": "Always",
                        "runtime_class_name": "",
                        "scheduler_name": "default-scheduler",
                        "security_context": [],
                        "service_account_name": "",
                        "share_process_namespace": false,
                        "subdomain": "",
                        "termination_grace_period_seconds": 30,
                        "toleration": [],
                        "topology_spread_constraint": [],
                        "volume": []
                      }
                    ]
                  }
                ]
              }
            ],
            "timeouts": null,
            "wait_for_rollout": true
          },
          "sensitive_attributes": [],
          "identity_schema_version": 0,
          "private": "eyJlMmJmYjczMC1lY2FhLTExZTYtOGY4OC0zNDM2M2JjN2M0YzAiOnsiY3JlYXRlIjo2MDAwMDAwMDAwMDAsImRlbGV0ZSI6NjAwMDAwMDAwMDAwLCJ1cGRhdGUiOjYwMDAwMDAwMDAwMH0sInNjaGVtYV92ZXJzaW9uIjoiMSJ9",
          "dependencies": [
            "helm_release.ingress_nginx",
            "kind_cluster.default",
            "kubernetes_namespace.app",
            "null_resource.load_docker_image",
            "null_resource.wait_for_ingress_nginx"
          ]
        }
      ]
    },
    {
      "mode": "managed",
      "type": "kubernetes_ingress_v1",
      "name": "app",
      "provider": "provider[\"registry.terraform.io/hashicorp/kubernetes\"]",
      "instances": [
        {
          "schema_version": 0,
          "attributes": {
            "id": "demo-clicker-dev/demo-clicker-ingress-dev",
            "metadata": [
              {
                "annotations": null,
                "generate_name": "",
                "generation": 1,
                "labels": null,
                "name": "demo-clicker-ingress-dev",
                "namespace": "demo-clicker-dev",
                "resource_version": "894",
                "uid": "b0630c4c-b0fc-4218-a4a3-26a63c968fa0"
              }
            ],
            "spec": [
              {
                "default_backend": [],
                "ingress_class_name": "nginx",
                "rule": [
                  {
                    "host": "dev.localhost",
                    "http": [
                      {
                        "path": [
                          {
                            "backend": [
                              {
                                "resource": [],
                                "service": [
                                  {
                                    "name": "demo-clicker-dev",
                                    "port": [
                                      {
                                        "name": "",
                                        "number": 80
                                      }
                                    ]
                                  }
                                ]
                              }
                            ],
                            "path": "/",
                            "path_type": "Prefix"
                          }
                        ]
                      }
                    ]
                  }
                ],
                "tls": []
              }
            ],
            "status": [
              {
                "load_balancer": [
                  {
                    "ingress": []
                  }
                ]
              }
            ],
            "timeouts": null,
            "wait_for_load_balancer": null
          },
          "sensitive_attributes": [],
          "identity_schema_version": 0,
          "private": "eyJlMmJmYjczMC1lY2FhLTExZTYtOGY4OC0zNDM2M2JjN2M0YzAiOnsiY3JlYXRlIjoxMjAwMDAwMDAwMDAwLCJkZWxldGUiOjEyMDAwMDAwMDAwMDB9fQ==",
          "dependencies": [
            "helm_release.ingress_nginx",
            "kind_cluster.default",
            "kubernetes_namespace.app",
            "null_resource.load_docker_image",
            "null_resource.wait_for_ingress_nginx"
          ]
        }
      ]
    },
    {
      "mode": "managed",
      "type": "kubernetes_namespace",
      "name": "app",
      "provider": "provider[\"registry.terraform.io/hashicorp/kubernetes\"]",
      "instances": [
        {
          "schema_version": 0,
          "attributes": {
            "id": "demo-clicker-dev",
            "metadata": [
              {
                "annotations": null,
                "generate_name": "",
                "generation": 0,
                "labels": null,
                "name": "demo-clicker-dev",
                "resource_version": "890",
                "uid": "704af1bf-7701-4023-8f50-ba73e633ca9b"
              }
            ],
            "timeouts": null,
            "wait_for_default_service_account": false
          },
          "sensitive_attributes": [],
          "identity_schema_version": 0,
          "private": "eyJlMmJmYjczMC1lY2FhLTExZTYtOGY4OC0zNDM2M2JjN2M0YzAiOnsiZGVsZXRlIjozMDAwMDAwMDAwMDB9fQ==",
          "dependencies": [
            "helm_release.ingress_nginx",
            "kind_cluster.default",
            "null_resource.load_docker_image",
            "null_resource.wait_for_ingress_nginx"
          ]
        }
      ]
    },
    {
      "mode": "managed",
      "type": "kubernetes_service",
      "name": "app",
      "provider": "provider[\"registry.terraform.io/hashicorp/kubernetes\"]",
      "instances": [
        {
          "schema_version": 1,
          "attributes": {
            "id": "demo-clicker-dev/demo-clicker-dev",
            "metadata": [
              {
                "annotations": null,
                "generate_name": "",
                "generation": 0,
                "labels": null,
                "name": "demo-clicker-dev",
                "namespace": "demo-clicker-dev",
                "resource_version": "904",
                "uid": "fb2a3f6f-9e90-4ac7-b10a-cf8af55e6027"
              }
            ],
            "spec": [
              {
                "allocate_load_balancer_node_ports": true,
                "cluster_ip": "10.96.53.248",
                "cluster_ips": [
                  "10.96.53.248"
                ],
                "external_ips": null,
                "external_name": "",
                "external_traffic_policy": "",
                "health_check_node_port": 0,
                "internal_traffic_policy": "Cluster",
                "ip_families": [
                  "IPv4"
                ],
                "ip_family_policy": "SingleStack",
                "load_balancer_class": "",
                "load_balancer_ip": "",
                "load_balancer_source_ranges": null,
                "port": [
                  {
                    "app_protocol": "",
                    "name": "http",
                    "node_port": 0,
                    "port": 80,
                    "protocol": "TCP",
                    "target_port": "8080"
                  }
                ],
                "publish_not_ready_addresses": false,
                "selector": {
                  "app": "demo-clicker-dev"
                },
                "session_affinity": "None",
                "session_affinity_config": [],
                "type": "ClusterIP"
              }
            ],
            "status": [
              {
                "load_balancer": [
                  {
                    "ingress": []
                  }
                ]
              }
            ],
            "timeouts": null,
            "wait_for_load_balancer": true
          },
          "sensitive_attributes": [],
          "identity_schema_version": 0,
          "private": "eyJlMmJmYjczMC1lY2FhLTExZTYtOGY4OC0zNDM2M2JjN2M0YzAiOnsiY3JlYXRlIjo2MDAwMDAwMDAwMDB9LCJzY2hlbWFfdmVyc2lvbiI6IjEifQ==",
          "dependencies": [
            "helm_release.ingress_nginx",
            "kind_cluster.default",
            "kubernetes_namespace.app",
            "null_resource.load_docker_image",
            "null_resource.wait_for_ingress_nginx"
          ]
        }
      ]
    },
    {
      "mode": "managed",
      "type": "kubernetes_service",
      "name": "management",
      "provider": "provider[\"registry.terraform.io/hashicorp/kubernetes\"]",
      "instances": [
        {
          "schema_version": 1,
          "attributes": {
            "id": "demo-clicker-dev/demo-clicker-management-dev",
            "metadata": [
              {
                "annotations": null,
                "generate_name": "",
                "generation": 0,
                "labels": null,
                "name": "demo-clicker-management-dev",
                "namespace": "demo-clicker-dev",
                "resource_version": "897",
                "uid": "5108fe83-1563-4209-83e9-f709bf61bd83"
              }
            ],
            "spec": [
              {
                "allocate_load_balancer_node_ports": true,
                "cluster_ip": "10.96.138.27",
                "cluster_ips": [
                  "10.96.138.27"
                ],
                "external_ips": null,
                "external_name": "",
                "external_traffic_policy": "",
                "health_check_node_port": 0,
                "internal_traffic_policy": "Cluster",
                "ip_families": [
                  "IPv4"
                ],
                "ip_family_policy": "SingleStack",
                "load_balancer_class": "",
                "load_balancer_ip": "",
                "load_balancer_source_ranges": null,
                "port": [
                  {
                    "app_protocol": "",
                    "name": "management",
                    "node_port": 0,
                    "port": 8081,
                    "protocol": "TCP",
                    "target_port": "8081"
                  }
                ],
                "publish_not_ready_addresses": false,
                "selector": {
                  "app": "demo-clicker-dev"
                },
                "session_affinity": "None",
                "session_affinity_config": [],
                "type": "ClusterIP"
              }
            ],
            "status": [
              {
                "load_balancer": [
                  {
                    "ingress": []
                  }
                ]
              }
            ],
            "timeouts": null,
            "wait_for_load_balancer": true
          },
          "sensitive_attributes": [],
          "identity_schema_version": 0,
          "private": "eyJlMmJmYjczMC1lY2FhLTExZTYtOGY4OC0zNDM2M2JjN2M0YzAiOnsiY3JlYXRlIjo2MDAwMDAwMDAwMDB9LCJzY2hlbWFfdmVyc2lvbiI6IjEifQ==",
          "dependencies": [
            "helm_release.ingress_nginx",
            "kind_cluster.default",
            "kubernetes_namespace.app",
            "null_resource.load_docker_image",
            "null_resource.wait_for_ingress_nginx"
          ]
        }
      ]
    },
    {
      "mode": "managed",
      "type": "null_resource",
      "name": "load_docker_image",
      "provider": "provider[\"registry.terraform.io/hashicorp/null\"]",
      "instances": [
        {
          "schema_version": 0,
          "attributes": {
            "id": "2360008883792616711",
            "triggers": {
              "cluster_id": "demo-clicker-cluster-dev-",
              "image_tag": "dev"
            }
          },
          "sensitive_attributes": [],
          "identity_schema_version": 0,
          "dependencies": [
            "kind_cluster.default"
          ]
        }
      ]
    },
    {
      "mode": "managed",
      "type": "null_resource",
      "name": "wait_for_ingress_nginx",
      "provider": "provider[\"registry.terraform.io/hashicorp/null\"]",
      "instances": [
        {
          "schema_version": 0,
          "attributes": {
            "id": "8874047184540896682",
            "triggers": {
              "key": "98552d82-95ac-8186-8344-322d23f054b2"
            }
          },
          "sensitive_attributes": [],
          "identity_schema_version": 0,
          "dependencies": [
            "helm_release.ingress_nginx",
            "kind_cluster.default"
          ]
        }
      ]
    }
  ],
  "check_results": null
}
