{
  "version": 4,
  "terraform_version": "1.12.1",
  "serial": 96,
  "lineage": "9787e54c-fde0-a760-11cc-258381088f40",
  "outputs": {},
  "resources": [
    {
      "mode": "managed",
      "type": "helm_release",
      "name": "ingress_nginx",
      "provider": "provider[\"registry.terraform.io/hashicorp/helm\"]",
      "instances": [
        {
          "schema_version": 1,
          "attributes": {
            "atomic": false,
            "chart": "ingress-nginx",
            "cleanup_on_fail": false,
            "create_namespace": true,
            "dependency_update": false,
            "description": null,
            "devel": null,
            "disable_crd_hooks": false,
            "disable_openapi_validation": false,
            "disable_webhooks": false,
            "force_update": false,
            "id": "ingress-nginx-prod",
            "keyring": null,
            "lint": false,
            "manifest": null,
            "max_history": 0,
            "metadata": [
              {
                "app_version": "1.12.2",
                "chart": "ingress-nginx",
                "first_deployed": 1748301792,
                "last_deployed": 1748301792,
                "name": "ingress-nginx-prod",
                "namespace": "ingress-nginx-prod",
                "notes": "The ingress-nginx controller has been installed.\nGet the application URL by running these commands:\n  export HTTP_NODE_PORT=$(kubectl get service --namespace ingress-nginx-prod ingress-nginx-prod-controller --output jsonpath=\"{.spec.ports[0].nodePort}\")\n  export HTTPS_NODE_PORT=$(kubectl get service --namespace ingress-nginx-prod ingress-nginx-prod-controller --output jsonpath=\"{.spec.ports[1].nodePort}\")\n  export NODE_IP=\"$(kubectl get nodes --output jsonpath=\"{.items[0].status.addresses[1].address}\")\"\n\n  echo \"Visit http://${NODE_IP}:${HTTP_NODE_PORT} to access your application via HTTP.\"\n  echo \"Visit https://${NODE_IP}:${HTTPS_NODE_PORT} to access your application via HTTPS.\"\n\nAn example Ingress that makes use of the controller:\n  apiVersion: networking.k8s.io/v1\n  kind: Ingress\n  metadata:\n    name: example\n    namespace: foo\n  spec:\n    ingressClassName: nginx\n    rules:\n      - host: www.example.com\n        http:\n          paths:\n            - pathType: Prefix\n              backend:\n                service:\n                  name: exampleService\n                  port:\n                    number: 80\n              path: /\n    # This section is only required if TLS is to be enabled for the Ingress\n    tls:\n      - hosts:\n        - www.example.com\n        secretName: example-tls\n\nIf TLS is enabled for the Ingress, a Secret containing the certificate and key must also be provided:\n\n  apiVersion: v1\n  kind: Secret\n  metadata:\n    name: example-tls\n    namespace: foo\n  data:\n    tls.crt: \u003cbase64 encoded cert\u003e\n    tls.key: \u003cbase64 encoded key\u003e\n  type: kubernetes.io/tls\n",
                "revision": 1,
                "values": "{\"controller\":{\"admissionWebhooks\":{\"enabled\":false},\"extraArgs\":{\"publish-status-address\":\"localhost\"},\"hostPort\":{\"enabled\":true},\"nodeSelector\":{\"ingress-ready\":\"true\"},\"publishService\":{\"enabled\":false},\"service\":{\"type\":\"NodePort\"},\"terminationGracePeriodSeconds\":0,\"tolerations\":[{\"effect\":\"NoSchedule\",\"key\":\"node-role.kubernetes.io/master\",\"operator\":\"Equal\"},{\"effect\":\"NoSchedule\",\"key\":\"node-role.kubernetes.io/control-plane\",\"operator\":\"Equal\"}],\"watchIngressWithoutClass\":true}}",
                "version": "4.12.2"
              }
            ],
            "name": "ingress-nginx-prod",
            "namespace": "ingress-nginx-prod",
            "pass_credentials": false,
            "postrender": [],
            "recreate_pods": false,
            "render_subchart_notes": true,
            "replace": false,
            "repository": "https://kubernetes.github.io/ingress-nginx",
            "repository_ca_file": null,
            "repository_cert_file": null,
            "repository_key_file": null,
            "repository_password": null,
            "repository_username": null,
            "reset_values": false,
            "reuse_values": false,
            "set": [],
            "set_list": [],
            "set_sensitive": [],
            "skip_crds": false,
            "status": "deployed",
            "timeout": 300,
            "upgrade_install": null,
            "values": [
              "# nginx_ingress_values.yaml\n\ncontroller:\n  hostPort:\n    enabled: true\n  terminationGracePeriodSeconds: 0\n  service:\n    type: \"NodePort\"\n  watchIngressWithoutClass: true\n  nodeSelector:\n    ingress-ready: \"true\"\n  tolerations:\n  - effect: \"NoSchedule\"\n    key: \"node-role.kubernetes.io/master\"\n    operator: \"Equal\"\n  - effect: \"NoSchedule\"\n    key: \"node-role.kubernetes.io/control-plane\"\n    operator: \"Equal\"\n  publishService:\n    enabled: false\n  extraArgs:\n    publish-status-address: \"localhost\"\n  admissionWebhooks:\n    enabled: false\n"
            ],
            "verify": false,
            "version": "4.12.2",
            "wait": true,
            "wait_for_jobs": false
          },
          "sensitive_attributes": [
            [
              {
                "type": "get_attr",
                "value": "repository_password"
              }
            ]
          ],
          "identity_schema_version": 0,
          "private": "eyJzY2hlbWFfdmVyc2lvbiI6IjEifQ==",
          "dependencies": [
            "kind_cluster.default"
          ]
        }
      ]
    },
    {
      "mode": "managed",
      "type": "kind_cluster",
      "name": "default",
      "provider": "provider[\"registry.terraform.io/tehcyx/kind\"]",
      "instances": [
        {
          "schema_version": 0,
          "attributes": {
            "client_certificate": "-----BEGIN CERTIFICATE-----\nMIIDKTCCAhGgAwIBAgIIaVd/O2cP8FgwDQYJKoZIhvcNAQELBQAwFTETMBEGA1UE\nAxMKa3ViZXJuZXRlczAeFw0yNTA1MjYyMzE3MDZaFw0yNjA1MjYyMzIyMDZaMDwx\nHzAdBgNVBAoTFmt1YmVhZG06Y2x1c3Rlci1hZG1pbnMxGTAXBgNVBAMTEGt1YmVy\nbmV0ZXMtYWRtaW4wggEiMA0GCSqGSIb3DQEBAQUAA4IBDwAwggEKAoIBAQDQf59N\n/B93vCNPDm+8eop9N3hxSn9wSNJkEsl6Ai9Ior0RytqWalbS6EpQ6WDSb/rjuOMz\nH1cQExxe0v9hv/C0xrNQKqUsnaHBr0KCfZ3o18unBv9+1IIgH5gd3x1yQ0kEv3zj\nR+xgE+GcMHDpqrcIUyEs9ROG68vLtA8oYhX6Wj6O07Lhl5QzfhPaPiudaLel42LK\nU88RMl3ASRFhY4b8RkCMRL15KGWxrtkrsEXCpHz76TsK23FdQRDgm36zEhuKpTs5\nIA7zbVI6N2HmYzCkuIgxSd/ABgm4F+2aEswtwuXgXiUG7tdV6YvvEBUm1+9EnXTG\n6S997zqYBPyhk8KdAgMBAAGjVjBUMA4GA1UdDwEB/wQEAwIFoDATBgNVHSUEDDAK\nBggrBgEFBQcDAjAMBgNVHRMBAf8EAjAAMB8GA1UdIwQYMBaAFAKTM2bTKZysbKv1\nPQRASsGZv9MrMA0GCSqGSIb3DQEBCwUAA4IBAQBnTE1W1dVX06Yk5WZL4Jv+ps9A\nQ6J7UkV1eKwpycYl5g1TNA+qgzj3r8cJvy57bPqvuYN2bxWA7tj+YpMzOtPXTzZt\nNQ1oK3VoytLOLHH1x3wFKlZ+m1VwWCajavCEY6ormb11GNB49xC1Abaq3TQEuqo6\npvy/cVDlhZVMgWMPoPu9Bg2qqAQ1/ai24BYUo5Z3yRzMxZRHx1M2oD+tNhylzNr9\neOxieqbUbHoTKNp+tuXT8efRpgn751aj+wLyEKOfTkfSnXUTnilX7Uyi1Hpd+rMG\nJttLa9dGRrmeR2Cb5NvGo9vWnz1ocw+vAsli9KWyfJ6+7sofJ/beEt7Glfr5\n-----END CERTIFICATE-----\n",
            "client_key": "-----BEGIN RSA PRIVATE KEY-----\nMIIEpAIBAAKCAQEA0H+fTfwfd7wjTw5vvHqKfTd4cUp/cEjSZBLJegIvSKK9Ecra\nlmpW0uhKUOlg0m/647jjMx9XEBMcXtL/Yb/wtMazUCqlLJ2hwa9Cgn2d6NfLpwb/\nftSCIB+YHd8dckNJBL9840fsYBPhnDBw6aq3CFMhLPUThuvLy7QPKGIV+lo+jtOy\n4ZeUM34T2j4rnWi3peNiylPPETJdwEkRYWOG/EZAjES9eShlsa7ZK7BFwqR8++k7\nCttxXUEQ4Jt+sxIbiqU7OSAO821SOjdh5mMwpLiIMUnfwAYJuBftmhLMLcLl4F4l\nBu7XVemL7xAVJtfvRJ10xukvfe86mAT8oZPCnQIDAQABAoIBAGWgt31TNeFuhoVr\n44Hq9yMmzSHnrquEC201DRjYBMUycddA2gA0UCLYkBTVVNjuNUwXnEMYdR8EObFs\nxoeWf9UV/2RFjSJsqWJXs6MYaMaMnRtKmXHwUocm70YsMVW3P1m9nrnIHosMVc2E\nfR0glbvMjWC1CrIasEkX+MV13gGbZp2WeXtj0Dd76ycvx1kj78EUPxGxY2OIEGsO\n/39ZjEyqUNlyWNReiszGfQR0vKEuTYIAZISyjV3yyLBeH+Jdcr9OPI3Dqg9t2LsI\n7gY2FYExi3edscOAAIU1YsdJleBW8SyXKdAFKElUTrTR6IyOoaW668EUO8v9Vmm9\nopbtZ+8CgYEA93t0rLPZR90ZLLbo57Q8DR1psazWYGpbIrdTE/4GVbP1RSj19nZk\nz6pusngr5szK5DK1EfwgRJSmAUv9iR0x6AKdRbd69H1kZlBWNYUDx/Jy5cxzIDHQ\nw2iHbZmgr5shnkVuUBjOGTvp8b5tJDRQ8tP+sTNwHC3ZtG08WEANFtcCgYEA16yv\nMtloHrAb0awEyApn5Mo+1B3LepvuIXc2eSLPzE9Ff3mTp5YpIgAj0+Thcptp5s6M\nwP4Jom6BFSxLKF6fDSimWMpluhK6NCfk08UBLw7lcTYYtCBJjsNFFt2y1aV31vg4\nTV6ehrrI2Nh7kOKR9qet2rExTdAAOEyoeszjZ6sCgYEAmf6MH1rZ/Umq/JPkYSlZ\npJ+EwTZXPy9u/i8s1ufecT3FhP9z7aTGHiJjN1JnnvoX1d9npIVKXuJQWcY7QTKV\nd1UJH/SH4dKUwsWCn1Lhg21t6WhKyuG0kaNdgelyf1L8nEt/1P9aX4FUlUR1DW4w\nYKlhdkoXnLE7InZGcnOIsYkCgYEAiLQICK8M9AakW24xSapu1/HpiQGpq/mSItwx\nRu7tz46feoFROfRP9iEolHKLA93GbmmVhe5/pNluMEF3EguHvQt7BOSlPiAIrm5q\n+F/ytCU5AV1Moz+j4D2dWTUE2a6cG0ISTdgfmz5heDEfgWJbKoB2DhwqKCwjN4w/\nbjbYHSkCgYBsmqXlaBUP+0aKEhjrEw0A859EA5TP1bNaOCItuLfJ5Yh7y5Nryr8o\nUlXFgPvqx7vjgdZCiwZdjUu42i5JqLnYczF7Wgu3ePvXPl3k70OEXvbrTq/WIpbS\nd+1tJZaSONFERRux0e7rbPssrLNMJrcR1dvQURlgMBJ/syHflxz0dA==\n-----END RSA PRIVATE KEY-----\n",
            "cluster_ca_certificate": "-----BEGIN CERTIFICATE-----\nMIIDBTCCAe2gAwIBAgIIPSeDok6kOVowDQYJKoZIhvcNAQELBQAwFTETMBEGA1UE\nAxMKa3ViZXJuZXRlczAeFw0yNTA1MjYyMzE3MDZaFw0zNTA1MjQyMzIyMDZaMBUx\nEzARBgNVBAMTCmt1YmVybmV0ZXMwggEiMA0GCSqGSIb3DQEBAQUAA4IBDwAwggEK\nAoIBAQDlDDm3kDLHIJZgpPly+ay4ZjK6wwUs8TnousGsCzajvKbq3U6sgpyyvWww\nlhgXM2uwgn6avCkWB6+QL9fpb3JGLM+y8wf7LtA9c7u/n2WlRUVPEJAyu7Dv9OQN\nZf0+WQZ2UP1tsoCeuWPVciG51FhIiYQLrvRe7fwFJDbtdydyKSpARb2OxVNCYkfd\nqg3fBjaan1SYOq6JZEWNspn/hxs3QIBozKbJQKBY3ZcqwEZ9l9u2HTlMUhTuNizj\n28xE9hf/wBwxO7OeNojQ2JeQh3OU8awZVHsUm/XV0Jr9H1KWly9geSIZpfOfVIum\nBtNi76LuiQVlgeaqoj2UMbgJ887pAgMBAAGjWTBXMA4GA1UdDwEB/wQEAwICpDAP\nBgNVHRMBAf8EBTADAQH/MB0GA1UdDgQWBBQCkzNm0ymcrGyr9T0EQErBmb/TKzAV\nBgNVHREEDjAMggprdWJlcm5ldGVzMA0GCSqGSIb3DQEBCwUAA4IBAQBSICQY5UHx\nrpJP+8jLNtTkGMyeCgKfMy9P8Cb4+wf9mxP+C/vxjC/nvNhgSwinD2oAmLWOfsdF\nbHKrpT6mMTYzWwWE39m3YynoPeYvrCylY/mVSjAkzO2GduSj6newsUmZouKm/KPc\nW3cekep62EPcrxIXbutvbt3j7dUAWi9lIZ0CPFzIDtKRs+gaOA0QHo8Sog5dA22r\nsK7USERbDmEElQVhxSUG/KCNb3stq/V+IPXCJ8F8EYm6v3fdeQNGqKmeVIAD9dD7\ndsQsaeo8g/9Xk22DI6W8/hmzhYnKQRrBLptZ30aNy0+adnAZhAPjY1uCIFTKJdOR\nE+39v8UvKMGm\n-----END CERTIFICATE-----\n",
            "completed": true,
            "endpoint": "https://127.0.0.1:40121",
            "id": "demo-clicker-cluster-prod-",
            "kind_config": [
              {
                "api_version": "kind.x-k8s.io/v1alpha4",
                "containerd_config_patches": [],
                "feature_gates": {},
                "kind": "Cluster",
                "networking": [],
                "node": [
                  {
                    "extra_mounts": [],
                    "extra_port_mappings": [
                      {
                        "container_port": 80,
                        "host_port": 80,
                        "listen_address": "",
                        "protocol": ""
                      },
                      {
                        "container_port": 443,
                        "host_port": 443,
                        "listen_address": "",
                        "protocol": ""
                      }
                    ],
                    "image": "",
                    "kubeadm_config_patches": [
                      "kind: InitConfiguration\nnodeRegistration:\n  kubeletExtraArgs:\n    node-labels: \"ingress-ready=true\"\n"
                    ],
                    "labels": {},
                    "role": "control-plane"
                  },
                  {
                    "extra_mounts": [],
                    "extra_port_mappings": [],
                    "image": "",
                    "kubeadm_config_patches": [],
                    "labels": {},
                    "role": "worker"
                  }
                ],
                "runtime_config": {}
              }
            ],
            "kubeconfig": "apiVersion: v1\nclusters:\n- cluster:\n    certificate-authority-data: LS0tLS1CRUdJTiBDRVJUSUZJQ0FURS0tLS0tCk1JSURCVENDQWUyZ0F3SUJBZ0lJUFNlRG9rNmtPVm93RFFZSktvWklodmNOQVFFTEJRQXdGVEVUTUJFR0ExVUUKQXhNS2EzVmlaWEp1WlhSbGN6QWVGdzB5TlRBMU1qWXlNekUzTURaYUZ3MHpOVEExTWpReU16SXlNRFphTUJVeApFekFSQmdOVkJBTVRDbXQxWW1WeWJtVjBaWE13Z2dFaU1BMEdDU3FHU0liM0RRRUJBUVVBQTRJQkR3QXdnZ0VLCkFvSUJBUURsRERtM2tETEhJSlpncFBseStheTRaaks2d3dVczhUbm91c0dzQ3phanZLYnEzVTZzZ3B5eXZXd3cKbGhnWE0ydXdnbjZhdkNrV0I2K1FMOWZwYjNKR0xNK3k4d2Y3THRBOWM3dS9uMldsUlVWUEVKQXl1N0R2OU9RTgpaZjArV1FaMlVQMXRzb0NldVdQVmNpRzUxRmhJaVlRTHJ2UmU3ZndGSkRidGR5ZHlLU3BBUmIyT3hWTkNZa2ZkCnFnM2ZCamFhbjFTWU9xNkpaRVdOc3BuL2h4czNRSUJvektiSlFLQlkzWmNxd0VaOWw5dTJIVGxNVWhUdU5pemoKMjh4RTloZi93Qnd4TzdPZU5valEySmVRaDNPVThhd1pWSHNVbS9YVjBKcjlIMUtXbHk5Z2VTSVpwZk9mVkl1bQpCdE5pNzZMdWlRVmxnZWFxb2oyVU1iZ0o4ODdwQWdNQkFBR2pXVEJYTUE0R0ExVWREd0VCL3dRRUF3SUNwREFQCkJnTlZIUk1CQWY4RUJUQURBUUgvTUIwR0ExVWREZ1FXQkJRQ2t6Tm0weW1jckd5cjlUMEVRRXJCbWIvVEt6QVYKQmdOVkhSRUVEakFNZ2dwcmRXSmxjbTVsZEdWek1BMEdDU3FHU0liM0RRRUJDd1VBQTRJQkFRQlNJQ1FZNVVIeApycEpQKzhqTE50VGtHTXllQ2dLZk15OVA4Q2I0K3dmOW14UCtDL3Z4akMvbnZOaGdTd2luRDJvQW1MV09mc2RGCmJIS3JwVDZtTVRZeld3V0UzOW0zWXlub1BlWXZyQ3lsWS9tVlNqQWt6TzJHZHVTajZuZXdzVW1ab3VLbS9LUGMKVzNjZWtlcDYyRVBjcnhJWGJ1dHZidDNqN2RVQVdpOWxJWjBDUEZ6SUR0S1JzK2dhT0EwUUhvOFNvZzVkQTIycgpzSzdVU0VSYkRtRUVsUVZoeFNVRy9LQ05iM3N0cS9WK0lQWENKOEY4RVltNnYzZmRlUU5HcUttZVZJQUQ5ZEQ3CmRzUXNhZW84Zy85WGsyMkRJNlc4L2htemhZbktRUnJCTHB0WjMwYU55MCthZG5BWmhBUGpZMXVDSUZUS0pkT1IKRSszOXY4VXZLTUdtCi0tLS0tRU5EIENFUlRJRklDQVRFLS0tLS0K\n    server: https://127.0.0.1:40121\n  name: kind-demo-clicker-cluster-prod\ncontexts:\n- context:\n    cluster: kind-demo-clicker-cluster-prod\n    user: kind-demo-clicker-cluster-prod\n  name: kind-demo-clicker-cluster-prod\ncurrent-context: kind-demo-clicker-cluster-prod\nkind: Config\npreferences: {}\nusers:\n- name: kind-demo-clicker-cluster-prod\n  user:\n    client-certificate-data: LS0tLS1CRUdJTiBDRVJUSUZJQ0FURS0tLS0tCk1JSURLVENDQWhHZ0F3SUJBZ0lJYVZkL08yY1A4Rmd3RFFZSktvWklodmNOQVFFTEJRQXdGVEVUTUJFR0ExVUUKQXhNS2EzVmlaWEp1WlhSbGN6QWVGdzB5TlRBMU1qWXlNekUzTURaYUZ3MHlOakExTWpZeU16SXlNRFphTUR3eApIekFkQmdOVkJBb1RGbXQxWW1WaFpHMDZZMngxYzNSbGNpMWhaRzFwYm5NeEdUQVhCZ05WQkFNVEVHdDFZbVZ5CmJtVjBaWE10WVdSdGFXNHdnZ0VpTUEwR0NTcUdTSWIzRFFFQkFRVUFBNElCRHdBd2dnRUtBb0lCQVFEUWY1OU4KL0I5M3ZDTlBEbSs4ZW9wOU4zaHhTbjl3U05Ka0VzbDZBaTlJb3IwUnl0cVdhbGJTNkVwUTZXRFNiL3JqdU9NegpIMWNRRXh4ZTB2OWh2L0MweHJOUUtxVXNuYUhCcjBLQ2ZaM28xOHVuQnY5KzFJSWdINWdkM3gxeVEwa0V2M3pqClIreGdFK0djTUhEcHFyY0lVeUVzOVJPRzY4dkx0QThvWWhYNldqNk8wN0xobDVRemZoUGFQaXVkYUxlbDQyTEsKVTg4Uk1sM0FTUkZoWTRiOFJrQ01STDE1S0dXeHJ0a3JzRVhDcEh6NzZUc0syM0ZkUVJEZ20zNnpFaHVLcFRzNQpJQTd6YlZJNk4ySG1ZekNrdUlneFNkL0FCZ200RisyYUVzd3R3dVhnWGlVRzd0ZFY2WXZ2RUJVbTErOUVuWFRHCjZTOTk3enFZQlB5aGs4S2RBZ01CQUFHalZqQlVNQTRHQTFVZER3RUIvd1FFQXdJRm9EQVRCZ05WSFNVRUREQUsKQmdnckJnRUZCUWNEQWpBTUJnTlZIUk1CQWY4RUFqQUFNQjhHQTFVZEl3UVlNQmFBRkFLVE0yYlRLWnlzYkt2MQpQUVJBU3NHWnY5TXJNQTBHQ1NxR1NJYjNEUUVCQ3dVQUE0SUJBUUJuVEUxVzFkVlgwNllrNVdaTDRKditwczlBClE2SjdVa1YxZUt3cHljWWw1ZzFUTkErcWd6ajNyOGNKdnk1N2JQcXZ1WU4yYnhXQTd0aitZcE16T3RQWFR6WnQKTlExb0szVm95dExPTEhIMXgzd0ZLbForbTFWd1dDYWphdkNFWTZvcm1iMTFHTkI0OXhDMUFiYXEzVFFFdXFvNgpwdnkvY1ZEbGhaVk1nV01Qb1B1OUJnMnFxQVExL2FpMjRCWVVvNVozeVJ6TXhaUkh4MU0yb0QrdE5oeWx6TnI5CmVPeGllcWJVYkhvVEtOcCt0dVhUOGVmUnBnbjc1MWFqK3dMeUVLT2ZUa2ZTblhVVG5pbFg3VXlpMUhwZCtyTUcKSnR0TGE5ZEdScm1lUjJDYjVOdkdvOXZXbnoxb2N3K3ZBc2xpOUtXeWZKNis3c29mSi9iZUV0N0dsZnI1Ci0tLS0tRU5EIENFUlRJRklDQVRFLS0tLS0K\n    client-key-data: LS0tLS1CRUdJTiBSU0EgUFJJVkFURSBLRVktLS0tLQpNSUlFcEFJQkFBS0NBUUVBMEgrZlRmd2ZkN3dqVHc1dnZIcUtmVGQ0Y1VwL2NFalNaQkxKZWdJdlNLSzlFY3JhCmxtcFcwdWhLVU9sZzBtLzY0N2pqTXg5WEVCTWNYdEwvWWIvd3RNYXpVQ3FsTEoyaHdhOUNnbjJkNk5mTHB3Yi8KZnRTQ0lCK1lIZDhkY2tOSkJMOTg0MGZzWUJQaG5EQnc2YXEzQ0ZNaExQVVRodXZMeTdRUEtHSVYrbG8ranRPeQo0WmVVTTM0VDJqNHJuV2kzcGVOaXlsUFBFVEpkd0VrUllXT0cvRVpBakVTOWVTaGxzYTdaSzdCRndxUjgrK2s3CkN0dHhYVUVRNEp0K3N4SWJpcVU3T1NBTzgyMVNPamRoNW1Nd3BMaUlNVW5md0FZSnVCZnRtaExNTGNMbDRGNGwKQnU3WFZlbUw3eEFWSnRmdlJKMTB4dWt2ZmU4Nm1BVDhvWlBDblFJREFRQUJBb0lCQUdXZ3QzMVROZUZ1aG9Wcgo0NEhxOXlNbXpTSG5ycXVFQzIwMURSallCTVV5Y2RkQTJnQTBVQ0xZa0JUVlZOanVOVXdYbkVNWWRSOEVPYkZzCnhvZVdmOVVWLzJSRmpTSnNxV0pYczZNWWFNYU1uUnRLbVhId1VvY203MFlzTVZXM1AxbTlucm5JSG9zTVZjMkUKZlIwZ2xidk1qV0MxQ3JJYXNFa1grTVYxM2dHYlpwMldlWHRqMERkNzZ5Y3Z4MWtqNzhFVVB4R3hZMk9JRUdzTwovMzlaakV5cVVObHlXTlJlaXN6R2ZRUjB2S0V1VFlJQVpJU3lqVjN5eUxCZUgrSmRjcjlPUEkzRHFnOXQyTHNJCjdnWTJGWUV4aTNlZHNjT0FBSVUxWXNkSmxlQlc4U3lYS2RBRktFbFVUclRSNkl5T29hVzY2OEVVTzh2OVZtbTkKb3BidForOENnWUVBOTN0MHJMUFpSOTBaTExibzU3UThEUjFwc2F6V1lHcGJJcmRURS80R1ZiUDFSU2oxOW5aawp6NnB1c25ncjVzeks1REsxRWZ3Z1JKU21BVXY5aVIweDZBS2RSYmQ2OUgxa1psQldOWVVEeC9KeTVjeHpJREhRCncyaUhiWm1ncjVzaG5rVnVVQmpPR1R2cDhiNXRKRFJROHRQK3NUTndIQzNadEcwOFdFQU5GdGNDZ1lFQTE2eXYKTXRsb0hyQWIwYXdFeUFwbjVNbysxQjNMZXB2dUlYYzJlU0xQekU5RmYzbVRwNVlwSWdBajArVGhjcHRwNXM2TQp3UDRKb202QkZTeExLRjZmRFNpbVdNcGx1aEs2TkNmazA4VUJMdzdsY1RZWXRDQkpqc05GRnQyeTFhVjMxdmc0ClRWNmVocnJJMk5oN2tPS1I5cWV0MnJFeFRkQUFPRXlvZXN6alo2c0NnWUVBbWY2TUgxclovVW1xL0pQa1lTbFoKcEorRXdUWlhQeTl1L2k4czF1ZmVjVDNGaFA5ejdhVEdIaUpqTjFKbm52b1gxZDlucElWS1h1SlFXY1k3UVRLVgpkMVVKSC9TSDRkS1V3c1dDbjFMaGcyMXQ2V2hLeXVHMGthTmRnZWx5ZjFMOG5FdC8xUDlhWDRGVWxVUjFEVzR3CllLbGhka29YbkxFN0luWkdjbk9Jc1lrQ2dZRUFpTFFJQ0s4TTlBYWtXMjR4U2FwdTEvSHBpUUdwcS9tU0l0d3gKUnU3dHo0NmZlb0ZST2ZSUDlpRW9sSEtMQTkzR2JtbVZoZTUvcE5sdU1FRjNFZ3VIdlF0N0JPU2xQaUFJcm01cQorRi95dENVNUFWMU1veitqNEQyZFdUVUUyYTZjRzBJU1RkZ2ZtejVoZURFZmdXSmJLb0IyRGh3cUtDd2pONHcvCmJqYllIU2tDZ1lCc21xWGxhQlVQKzBhS0VoanJFdzBBODU5RUE1VFAxYk5hT0NJdHVMZko1WWg3eTVOcnlyOG8KVWxYRmdQdnF4N3ZqZ2RaQ2l3WmRqVXU0Mmk1SnFMblljekY3V2d1M2VQdlhQbDNrNzBPRVh2YnJUcS9XSXBiUwpkKzF0SlphU09ORkVSUnV4MGU3cmJQc3NyTE5NSnJjUjFkdlFVUmxnTUJKL3N5SGZseHowZEE9PQotLS0tLUVORCBSU0EgUFJJVkFURSBLRVktLS0tLQo=\n",
            "kubeconfig_path": "/home/kotkokos/.kube/config-prod",
            "name": "demo-clicker-cluster-prod",
            "node_image": null,
            "timeouts": null,
            "wait_for_ready": true
          },
          "sensitive_attributes": [],
          "identity_schema_version": 0,
          "private": "eyJlMmJmYjczMC1lY2FhLTExZTYtOGY4OC0zNDM2M2JjN2M0YzAiOnsiY3JlYXRlIjozMDAwMDAwMDAwMDAsImRlbGV0ZSI6MzAwMDAwMDAwMDAwLCJ1cGRhdGUiOjMwMDAwMDAwMDAwMH19"
        }
      ]
    },
    {
      "mode": "managed",
      "type": "kubernetes_deployment",
      "name": "app",
      "provider": "provider[\"registry.terraform.io/hashicorp/kubernetes\"]",
      "instances": [
        {
          "schema_version": 1,
          "attributes": {
            "id": "demo-clicker-prod/demo-clicker-deployment-prod",
            "metadata": [
              {
                "annotations": null,
                "generate_name": "",
                "generation": 1,
                "labels": null,
                "name": "demo-clicker-deployment-prod",
                "namespace": "demo-clicker-prod",
                "resource_version": "866",
                "uid": "91232733-0d8f-4f22-ac60-7b7002424275"
              }
            ],
            "spec": [
              {
                "min_ready_seconds": 0,
                "paused": false,
                "progress_deadline_seconds": 600,
                "replicas": "4",
                "revision_history_limit": 10,
                "selector": [
                  {
                    "match_expressions": [],
                    "match_labels": {
                      "app": "demo-clicker-prod"
                    }
                  }
                ],
                "strategy": [
                  {
                    "rolling_update": [
                      {
                        "max_surge": "25%",
                        "max_unavailable": "25%"
                      }
                    ],
                    "type": "RollingUpdate"
                  }
                ],
                "template": [
                  {
                    "metadata": [
                      {
                        "annotations": null,
                        "generate_name": "",
                        "generation": 0,
                        "labels": {
                          "app": "demo-clicker-prod",
                          "environment": "prod"
                        },
                        "name": "",
                        "namespace": "",
                        "resource_version": "",
                        "uid": ""
                      }
                    ],
                    "spec": [
                      {
                        "active_deadline_seconds": 0,
                        "affinity": [],
                        "automount_service_account_token": true,
                        "container": [
                          {
                            "args": null,
                            "command": null,
                            "env": [
                              {
                                "name": "MANAGEMENT_SERVER_PORT",
                                "value": "8081",
                                "value_from": []
                              },
                              {
                                "name": "MANAGEMENT_ENDPOINTS_WEB_EXPOSURE_INCLUDE",
                                "value": "health",
                                "value_from": []
                              },
                              {
                                "name": "MANAGEMENT_ENDPOINT_HEALTH_SHOW_DETAILS",
                                "value": "never",
                                "value_from": []
                              }
                            ],
                            "env_from": [],
                            "image": "demo-clicker:prod",
                            "image_pull_policy": "IfNotPresent",
                            "lifecycle": [],
                            "liveness_probe": [
                              {
                                "exec": [],
                                "failure_threshold": 3,
                                "grpc": [],
                                "http_get": [
                                  {
                                    "host": "",
                                    "http_header": [],
                                    "path": "/actuator/health",
                                    "port": "8081",
                                    "scheme": "HTTP"
                                  }
                                ],
                                "initial_delay_seconds": 30,
                                "period_seconds": 30,
                                "success_threshold": 1,
                                "tcp_socket": [],
                                "timeout_seconds": 1
                              }
                            ],
                            "name": "demo-clicker",
                            "port": [
                              {
                                "container_port": 8080,
                                "host_ip": "",
                                "host_port": 0,
                                "name": "http",
                                "protocol": "TCP"
                              },
                              {
                                "container_port": 8081,
                                "host_ip": "",
                                "host_port": 0,
                                "name": "management",
                                "protocol": "TCP"
                              }
                            ],
                            "readiness_probe": [
                              {
                                "exec": [],
                                "failure_threshold": 3,
                                "grpc": [],
                                "http_get": [
                                  {
                                    "host": "",
                                    "http_header": [],
                                    "path": "/actuator/health",
                                    "port": "8081",
                                    "scheme": "HTTP"
                                  }
                                ],
                                "initial_delay_seconds": 5,
                                "period_seconds": 10,
                                "success_threshold": 1,
                                "tcp_socket": [],
                                "timeout_seconds": 1
                              }
                            ],
                            "resources": [
                              {
                                "limits": {
                                  "cpu": "500m",
                                  "memory": "1Gi"
                                },
                                "requests": {
                                  "cpu": "100m",
                                  "memory": "512Mi"
                                }
                              }
                            ],
                            "security_context": [
                              {
                                "allow_privilege_escalation": false,
                                "capabilities": [],
                                "privileged": false,
                                "read_only_root_filesystem": false,
                                "run_as_group": "",
                                "run_as_non_root": true,
                                "run_as_user": "",
                                "se_linux_options": [],
                                "seccomp_profile": []
                              }
                            ],
                            "startup_probe": [],
                            "stdin": false,
                            "stdin_once": false,
                            "termination_message_path": "/dev/termination-log",
                            "termination_message_policy": "File",
                            "tty": false,
                            "volume_device": [],
                            "volume_mount": [],
                            "working_dir": ""
                          }
                        ],
                        "dns_config": [],
                        "dns_policy": "ClusterFirst",
                        "enable_service_links": true,
                        "host_aliases": [],
                        "host_ipc": false,
                        "host_network": false,
                        "host_pid": false,
                        "hostname": "",
                        "image_pull_secrets": [],
                        "init_container": [],
                        "node_name": "",
                        "node_selector": null,
                        "os": [],
                        "priority_class_name": "",
                        "readiness_gate": [],
                        "restart_policy": "Always",
                        "runtime_class_name": "",
                        "scheduler_name": "default-scheduler",
                        "security_context": [],
                        "service_account_name": "",
                        "share_process_namespace": false,
                        "subdomain": "",
                        "termination_grace_period_seconds": 30,
                        "toleration": [],
                        "topology_spread_constraint": [],
                        "volume": []
                      }
                    ]
                  }
                ]
              }
            ],
            "timeouts": null,
            "wait_for_rollout": true
          },
          "sensitive_attributes": [],
          "identity_schema_version": 0,
          "private": "eyJlMmJmYjczMC1lY2FhLTExZTYtOGY4OC0zNDM2M2JjN2M0YzAiOnsiY3JlYXRlIjo2MDAwMDAwMDAwMDAsImRlbGV0ZSI6NjAwMDAwMDAwMDAwLCJ1cGRhdGUiOjYwMDAwMDAwMDAwMH0sInNjaGVtYV92ZXJzaW9uIjoiMSJ9",
          "dependencies": [
            "helm_release.ingress_nginx",
            "kind_cluster.default",
            "kubernetes_namespace.app",
            "null_resource.load_docker_image",
            "null_resource.wait_for_ingress_nginx"
          ]
        }
      ]
    },
    {
      "mode": "managed",
      "type": "kubernetes_ingress_v1",
      "name": "app",
      "provider": "provider[\"registry.terraform.io/hashicorp/kubernetes\"]",
      "instances": [
        {
          "schema_version": 0,
          "attributes": {
            "id": "demo-clicker-prod/demo-clicker-ingress-prod",
            "metadata": [
              {
                "annotations": {
                  "nginx.ingress.kubernetes.io/affinity": "cookie",
                  "nginx.ingress.kubernetes.io/session-cookie-expires": "86400",
                  "nginx.ingress.kubernetes.io/session-cookie-max-age": "86400",
                  "nginx.ingress.kubernetes.io/session-cookie-name": "demo-clicker-sticky"
                },
                "generate_name": "",
                "generation": 1,
                "labels": null,
                "name": "demo-clicker-ingress-prod",
                "namespace": "demo-clicker-prod",
                "resource_version": "641",
                "uid": "54ed50d5-7223-43f6-a809-e02c51a49909"
              }
            ],
            "spec": [
              {
                "default_backend": [],
                "ingress_class_name": "nginx",
                "rule": [
                  {
                    "host": "prod.localhost",
                    "http": [
                      {
                        "path": [
                          {
                            "backend": [
                              {
                                "resource": [],
                                "service": [
                                  {
                                    "name": "demo-clicker-prod",
                                    "port": [
                                      {
                                        "name": "",
                                        "number": 80
                                      }
                                    ]
                                  }
                                ]
                              }
                            ],
                            "path": "/",
                            "path_type": "Prefix"
                          }
                        ]
                      }
                    ]
                  }
                ],
                "tls": []
              }
            ],
            "status": [
              {
                "load_balancer": [
                  {
                    "ingress": []
                  }
                ]
              }
            ],
            "timeouts": null,
            "wait_for_load_balancer": null
          },
          "sensitive_attributes": [],
          "identity_schema_version": 0,
          "private": "eyJlMmJmYjczMC1lY2FhLTExZTYtOGY4OC0zNDM2M2JjN2M0YzAiOnsiY3JlYXRlIjoxMjAwMDAwMDAwMDAwLCJkZWxldGUiOjEyMDAwMDAwMDAwMDB9fQ==",
          "dependencies": [
            "helm_release.ingress_nginx",
            "kind_cluster.default",
            "kubernetes_namespace.app",
            "null_resource.load_docker_image",
            "null_resource.wait_for_ingress_nginx"
          ]
        }
      ]
    },
    {
      "mode": "managed",
      "type": "kubernetes_namespace",
      "name": "app",
      "provider": "provider[\"registry.terraform.io/hashicorp/kubernetes\"]",
      "instances": [
        {
          "schema_version": 0,
          "attributes": {
            "id": "demo-clicker-prod",
            "metadata": [
              {
                "annotations": null,
                "generate_name": "",
                "generation": 0,
                "labels": null,
                "name": "demo-clicker-prod",
                "resource_version": "637",
                "uid": "38b4ea57-ebf4-4b7a-8c5a-fa0143ef2a4d"
              }
            ],
            "timeouts": null,
            "wait_for_default_service_account": false
          },
          "sensitive_attributes": [],
          "identity_schema_version": 0,
          "private": "eyJlMmJmYjczMC1lY2FhLTExZTYtOGY4OC0zNDM2M2JjN2M0YzAiOnsiZGVsZXRlIjozMDAwMDAwMDAwMDB9fQ==",
          "dependencies": [
            "helm_release.ingress_nginx",
            "kind_cluster.default",
            "null_resource.load_docker_image",
            "null_resource.wait_for_ingress_nginx"
          ]
        }
      ]
    },
    {
      "mode": "managed",
      "type": "kubernetes_service",
      "name": "app",
      "provider": "provider[\"registry.terraform.io/hashicorp/kubernetes\"]",
      "instances": [
        {
          "schema_version": 1,
          "attributes": {
            "id": "demo-clicker-prod/demo-clicker-prod",
            "metadata": [
              {
                "annotations": null,
                "generate_name": "",
                "generation": 0,
                "labels": null,
                "name": "demo-clicker-prod",
                "namespace": "demo-clicker-prod",
                "resource_version": "647",
                "uid": "844ab55e-ecd7-4dce-b84d-0d38bba2fab2"
              }
            ],
            "spec": [
              {
                "allocate_load_balancer_node_ports": true,
                "cluster_ip": "10.96.233.152",
                "cluster_ips": [
                  "10.96.233.152"
                ],
                "external_ips": null,
                "external_name": "",
                "external_traffic_policy": "",
                "health_check_node_port": 0,
                "internal_traffic_policy": "Cluster",
                "ip_families": [
                  "IPv4"
                ],
                "ip_family_policy": "SingleStack",
                "load_balancer_class": "",
                "load_balancer_ip": "",
                "load_balancer_source_ranges": null,
                "port": [
                  {
                    "app_protocol": "",
                    "name": "http",
                    "node_port": 0,
                    "port": 80,
                    "protocol": "TCP",
                    "target_port": "8080"
                  }
                ],
                "publish_not_ready_addresses": false,
                "selector": {
                  "app": "demo-clicker-prod"
                },
                "session_affinity": "None",
                "session_affinity_config": [],
                "type": "ClusterIP"
              }
            ],
            "status": [
              {
                "load_balancer": [
                  {
                    "ingress": []
                  }
                ]
              }
            ],
            "timeouts": null,
            "wait_for_load_balancer": true
          },
          "sensitive_attributes": [],
          "identity_schema_version": 0,
          "private": "eyJlMmJmYjczMC1lY2FhLTExZTYtOGY4OC0zNDM2M2JjN2M0YzAiOnsiY3JlYXRlIjo2MDAwMDAwMDAwMDB9LCJzY2hlbWFfdmVyc2lvbiI6IjEifQ==",
          "dependencies": [
            "helm_release.ingress_nginx",
            "kind_cluster.default",
            "kubernetes_namespace.app",
            "null_resource.load_docker_image",
            "null_resource.wait_for_ingress_nginx"
          ]
        }
      ]
    },
    {
      "mode": "managed",
      "type": "kubernetes_service",
      "name": "management",
      "provider": "provider[\"registry.terraform.io/hashicorp/kubernetes\"]",
      "instances": [
        {
          "schema_version": 1,
          "attributes": {
            "id": "demo-clicker-prod/demo-clicker-management-prod",
            "metadata": [
              {
                "annotations": null,
                "generate_name": "",
                "generation": 0,
                "labels": null,
                "name": "demo-clicker-management-prod",
                "namespace": "demo-clicker-prod",
                "resource_version": "646",
                "uid": "ce8b869b-ebf7-444c-a37c-499c8d1065d6"
              }
            ],
            "spec": [
              {
                "allocate_load_balancer_node_ports": true,
                "cluster_ip": "10.96.217.254",
                "cluster_ips": [
                  "10.96.217.254"
                ],
                "external_ips": null,
                "external_name": "",
                "external_traffic_policy": "",
                "health_check_node_port": 0,
                "internal_traffic_policy": "Cluster",
                "ip_families": [
                  "IPv4"
                ],
                "ip_family_policy": "SingleStack",
                "load_balancer_class": "",
                "load_balancer_ip": "",
                "load_balancer_source_ranges": null,
                "port": [
                  {
                    "app_protocol": "",
                    "name": "management",
                    "node_port": 0,
                    "port": 8081,
                    "protocol": "TCP",
                    "target_port": "8081"
                  }
                ],
                "publish_not_ready_addresses": false,
                "selector": {
                  "app": "demo-clicker-prod"
                },
                "session_affinity": "None",
                "session_affinity_config": [],
                "type": "ClusterIP"
              }
            ],
            "status": [
              {
                "load_balancer": [
                  {
                    "ingress": []
                  }
                ]
              }
            ],
            "timeouts": null,
            "wait_for_load_balancer": true
          },
          "sensitive_attributes": [],
          "identity_schema_version": 0,
          "private": "eyJlMmJmYjczMC1lY2FhLTExZTYtOGY4OC0zNDM2M2JjN2M0YzAiOnsiY3JlYXRlIjo2MDAwMDAwMDAwMDB9LCJzY2hlbWFfdmVyc2lvbiI6IjEifQ==",
          "dependencies": [
            "helm_release.ingress_nginx",
            "kind_cluster.default",
            "kubernetes_namespace.app",
            "null_resource.load_docker_image",
            "null_resource.wait_for_ingress_nginx"
          ]
        }
      ]
    },
    {
      "mode": "managed",
      "type": "null_resource",
      "name": "load_docker_image",
      "provider": "provider[\"registry.terraform.io/hashicorp/null\"]",
      "instances": [
        {
          "schema_version": 0,
          "attributes": {
            "id": "7422260047928104037",
            "triggers": {
              "cluster_id": "demo-clicker-cluster-prod-",
              "image_tag": "prod"
            }
          },
          "sensitive_attributes": [],
          "identity_schema_version": 0,
          "dependencies": [
            "kind_cluster.default"
          ]
        }
      ]
    },
    {
      "mode": "managed",
      "type": "null_resource",
      "name": "wait_for_ingress_nginx",
      "provider": "provider[\"registry.terraform.io/hashicorp/null\"]",
      "instances": [
        {
          "schema_version": 0,
          "attributes": {
            "id": "7097819553802735770",
            "triggers": {
              "key": "30be4b2b-93e7-203e-7165-1e0781c75590"
            }
          },
          "sensitive_attributes": [],
          "identity_schema_version": 0,
          "dependencies": [
            "helm_release.ingress_nginx",
            "kind_cluster.default"
          ]
        }
      ]
    }
  ],
  "check_results": null
}
